
Microsoft Visual Studio Solution File, Format Version 12.00
# Visual Studio Version 17
VisualStudioVersion = 17.4.33110.190
MinimumVisualStudioVersion = 10.0.40219.1
Project("{9A19103F-16F7-4668-BE54-9A1E7A4F7556}") = "MShop.Business", "src\MShop.Business\MShop.Business.csproj", "{DDAAD810-BE28-47CD-BFE1-9FE9B0A417C5}"
EndProject
Project("{9A19103F-16F7-4668-BE54-9A1E7A4F7556}") = "MShop.Repository", "src\MShop.Repository\MShop.Repository.csproj", "{615A3AF3-AEFB-474A-9738-4BEB68DDA879}"
EndProject
Project("{9A19103F-16F7-4668-BE54-9A1E7A4F7556}") = "MShop.ProductAPI", "src\MShop.ProductAPI\MShop.ProductAPI.csproj", "{9260A4FD-47AA-426A-AE11-AE82E0C196C5}"
EndProject
Project("{9A19103F-16F7-4668-BE54-9A1E7A4F7556}") = "MShop.Application", "src\MShop.Application\MShop.Application.csproj", "{0EEC2E49-C962-483D-9B0F-C8649C2AA2B2}"
EndProject
Project("{2150E333-8FDC-42A3-9474-1A3956D46DE8}") = "test", "test", "{863D5521-F850-4B19-A277-03FB10D81645}"
EndProject
Project("{9A19103F-16F7-4668-BE54-9A1E7A4F7556}") = "MShop.UnitTests", "tests\MShop.UnitTest\MShop.UnitTests.csproj", "{CB105446-D10F-4073-A786-C0E0F1CC6BC0}"
EndProject
Project("{9A19103F-16F7-4668-BE54-9A1E7A4F7556}") = "MShop.IntegrationTests", "tests\MShop.IntegrationTest\MShop.IntegrationTests.csproj", "{C9DB5AD4-C1A7-4462-8C5A-0742755FF1AC}"
EndProject
Project("{9A19103F-16F7-4668-BE54-9A1E7A4F7556}") = "MShop.EndToEndTest", "tests\MShop.EndToEndTest\MShop.EndToEndTest.csproj", "{6FAC9456-9826-421F-B881-68A7260403A0}"
EndProject
Project("{9A19103F-16F7-4668-BE54-9A1E7A4F7556}") = "MShop.Cache", "src\Mshop.Chache\MShop.Cache.csproj", "{E78F148B-2F82-4F21-A284-5DBAE002DCBB}"
EndProject
Project("{2150E333-8FDC-42A3-9474-1A3956D46DE8}") = "env", "env", "{17F3E92E-0C73-4C1D-9C1D-F4B065377FEE}"
	ProjectSection(SolutionItems) = preProject
		env\docker-compose.yml = env\docker-compose.yml
	EndProjectSection
EndProject
Project("{2150E333-8FDC-42A3-9474-1A3956D46DE8}") = "env", "env", "{65A103A3-4ECE-430E-A69F-4C17C03627E5}"
	ProjectSection(SolutionItems) = preProject
		tests\env\docker-compose.yml = tests\env\docker-compose.yml
	EndProjectSection
EndProject
Global
	GlobalSection(SolutionConfigurationPlatforms) = preSolution
		Debug|Any CPU = Debug|Any CPU
		Release|Any CPU = Release|Any CPU
	EndGlobalSection
	GlobalSection(ProjectConfigurationPlatforms) = postSolution
		{DDAAD810-BE28-47CD-BFE1-9FE9B0A417C5}.Debug|Any CPU.ActiveCfg = Debug|Any CPU
		{DDAAD810-BE28-47CD-BFE1-9FE9B0A417C5}.Debug|Any CPU.Build.0 = Debug|Any CPU
		{DDAAD810-BE28-47CD-BFE1-9FE9B0A417C5}.Release|Any CPU.ActiveCfg = Release|Any CPU
		{DDAAD810-BE28-47CD-BFE1-9FE9B0A417C5}.Release|Any CPU.Build.0 = Release|Any CPU
		{615A3AF3-AEFB-474A-9738-4BEB68DDA879}.Debug|Any CPU.ActiveCfg = Debug|Any CPU
		{615A3AF3-AEFB-474A-9738-4BEB68DDA879}.Debug|Any CPU.Build.0 = Debug|Any CPU
		{615A3AF3-AEFB-474A-9738-4BEB68DDA879}.Release|Any CPU.ActiveCfg = Release|Any CPU
		{615A3AF3-AEFB-474A-9738-4BEB68DDA879}.Release|Any CPU.Build.0 = Release|Any CPU
		{9260A4FD-47AA-426A-AE11-AE82E0C196C5}.Debug|Any CPU.ActiveCfg = Debug|Any CPU
		{9260A4FD-47AA-426A-AE11-AE82E0C196C5}.Debug|Any CPU.Build.0 = Debug|Any CPU
		{9260A4FD-47AA-426A-AE11-AE82E0C196C5}.Release|Any CPU.ActiveCfg = Release|Any CPU
		{9260A4FD-47AA-426A-AE11-AE82E0C196C5}.Release|Any CPU.Build.0 = Release|Any CPU
		{0EEC2E49-C962-483D-9B0F-C8649C2AA2B2}.Debug|Any CPU.ActiveCfg = Debug|Any CPU
		{0EEC2E49-C962-483D-9B0F-C8649C2AA2B2}.Debug|Any CPU.Build.0 = Debug|Any CPU
		{0EEC2E49-C962-483D-9B0F-C8649C2AA2B2}.Release|Any CPU.ActiveCfg = Release|Any CPU
		{0EEC2E49-C962-483D-9B0F-C8649C2AA2B2}.Release|Any CPU.Build.0 = Release|Any CPU
		{CB105446-D10F-4073-A786-C0E0F1CC6BC0}.Debug|Any CPU.ActiveCfg = Debug|Any CPU
		{CB105446-D10F-4073-A786-C0E0F1CC6BC0}.Debug|Any CPU.Build.0 = Debug|Any CPU
		{CB105446-D10F-4073-A786-C0E0F1CC6BC0}.Release|Any CPU.ActiveCfg = Release|Any CPU
		{CB105446-D10F-4073-A786-C0E0F1CC6BC0}.Release|Any CPU.Build.0 = Release|Any CPU
		{C9DB5AD4-C1A7-4462-8C5A-0742755FF1AC}.Debug|Any CPU.ActiveCfg = Debug|Any CPU
		{C9DB5AD4-C1A7-4462-8C5A-0742755FF1AC}.Debug|Any CPU.Build.0 = Debug|Any CPU
		{C9DB5AD4-C1A7-4462-8C5A-0742755FF1AC}.Release|Any CPU.ActiveCfg = Release|Any CPU
		{C9DB5AD4-C1A7-4462-8C5A-0742755FF1AC}.Release|Any CPU.Build.0 = Release|Any CPU
		{6FAC9456-9826-421F-B881-68A7260403A0}.Debug|Any CPU.ActiveCfg = Debug|Any CPU
		{6FAC9456-9826-421F-B881-68A7260403A0}.Debug|Any CPU.Build.0 = Debug|Any CPU
		{6FAC9456-9826-421F-B881-68A7260403A0}.Release|Any CPU.ActiveCfg = Release|Any CPU
		{6FAC9456-9826-421F-B881-68A7260403A0}.Release|Any CPU.Build.0 = Release|Any CPU
		{E78F148B-2F82-4F21-A284-5DBAE002DCBB}.Debug|Any CPU.ActiveCfg = Debug|Any CPU
		{E78F148B-2F82-4F21-A284-5DBAE002DCBB}.Debug|Any CPU.Build.0 = Debug|Any CPU
		{E78F148B-2F82-4F21-A284-5DBAE002DCBB}.Release|Any CPU.ActiveCfg = Release|Any CPU
		{E78F148B-2F82-4F21-A284-5DBAE002DCBB}.Release|Any CPU.Build.0 = Release|Any CPU
	EndGlobalSection
	GlobalSection(SolutionProperties) = preSolution
		HideSolutionNode = FALSE
	EndGlobalSection
	GlobalSection(NestedProjects) = preSolution
		{CB105446-D10F-4073-A786-C0E0F1CC6BC0} = {863D5521-F850-4B19-A277-03FB10D81645}
		{C9DB5AD4-C1A7-4462-8C5A-0742755FF1AC} = {863D5521-F850-4B19-A277-03FB10D81645}
		{6FAC9456-9826-421F-B881-68A7260403A0} = {863D5521-F850-4B19-A277-03FB10D81645}
		{65A103A3-4ECE-430E-A69F-4C17C03627E5} = {863D5521-F850-4B19-A277-03FB10D81645}
	EndGlobalSection
	GlobalSection(ExtensibilityGlobals) = postSolution
		SolutionGuid = {FCD02D27-5334-4D3E-9D23-761CB4C50D74}
	EndGlobalSection
EndGlobal
